Microsoft Visual Studio Solution File, Format Version 12.00
# Visual Studio Version 17
VisualStudioVersion = 17.5.2.0
MinimumVisualStudioVersion = 10.0.40219.1
Project("{2150E333-8FDC-42A3-9474-1A3956D46DE8}") = "tests", "tests", "{0AB3BF05-4346-4AA6-1389-037BE0695223}"
EndProject
Project("{2150E333-8FDC-42A3-9474-1A3956D46DE8}") = "src", "src", "{827E0CD3-B72D-47B6-A68D-7590B98EB39B}"
EndProject
Project("{FAE04EC0-301F-11D3-BF4B-00C04F79EFBC}") = "InventoryPlatform.Tests", "tests\InventoryPlatform.Tests\InventoryPlatform.Tests.csproj", "{336263FC-64AB-5F71-7ADB-B248455D17AF}"
EndProject
Project("{FAE04EC0-301F-11D3-BF4B-00C04F79EFBC}") = "InventoryPlatform.Infrastructure", "src\InventoryPlatform.Infrastructure\InventoryPlatform.Infrastructure.csproj", "{82DCF71A-B500-B6C3-F890-B187BC29E616}"
EndProject
Project("{FAE04EC0-301F-11D3-BF4B-00C04F79EFBC}") = "InventoryPlatform.Application", "src\InventoryPlatform.Application\InventoryPlatform.Application.csproj", "{45459EA0-77B2-9D79-A298-2EBD33291667}"
EndProject
Project("{FAE04EC0-301F-11D3-BF4B-00C04F79EFBC}") = "InventoryPlatform.Domain", "src\InventoryPlatform.Domain\InventoryPlatform.Domain.csproj", "{D824AE1E-C678-D8D4-C829-BDB6154D10BB}"
EndProject
Project("{FAE04EC0-301F-11D3-BF4B-00C04F79EFBC}") = "InventoryPlatform.Api", "src\InventoryPlatform.Api\InventoryPlatform.Api.csproj", "{18723AC2-C67D-9A96-21CD-240AE58CE448}"
EndProject
Global
	GlobalSection(SolutionConfigurationPlatforms) = preSolution
		Debug|Any CPU = Debug|Any CPU
		Release|Any CPU = Release|Any CPU
	EndGlobalSection
	GlobalSection(ProjectConfigurationPlatforms) = postSolution
		{336263FC-64AB-5F71-7ADB-B248455D17AF}.Debug|Any CPU.ActiveCfg = Debug|Any CPU
		{336263FC-64AB-5F71-7ADB-B248455D17AF}.Debug|Any CPU.Build.0 = Debug|Any CPU
		{336263FC-64AB-5F71-7ADB-B248455D17AF}.Release|Any CPU.ActiveCfg = Release|Any CPU
		{336263FC-64AB-5F71-7ADB-B248455D17AF}.Release|Any CPU.Build.0 = Release|Any CPU
		{82DCF71A-B500-B6C3-F890-B187BC29E616}.Debug|Any CPU.ActiveCfg = Debug|Any CPU
		{82DCF71A-B500-B6C3-F890-B187BC29E616}.Debug|Any CPU.Build.0 = Debug|Any CPU
		{82DCF71A-B500-B6C3-F890-B187BC29E616}.Release|Any CPU.ActiveCfg = Release|Any CPU
		{82DCF71A-B500-B6C3-F890-B187BC29E616}.Release|Any CPU.Build.0 = Release|Any CPU
		{45459EA0-77B2-9D79-A298-2EBD33291667}.Debug|Any CPU.ActiveCfg = Debug|Any CPU
		{45459EA0-77B2-9D79-A298-2EBD33291667}.Debug|Any CPU.Build.0 = Debug|Any CPU
		{45459EA0-77B2-9D79-A298-2EBD33291667}.Release|Any CPU.ActiveCfg = Release|Any CPU
		{45459EA0-77B2-9D79-A298-2EBD33291667}.Release|Any CPU.Build.0 = Release|Any CPU
		{D824AE1E-C678-D8D4-C829-BDB6154D10BB}.Debug|Any CPU.ActiveCfg = Debug|Any CPU
		{D824AE1E-C678-D8D4-C829-BDB6154D10BB}.Debug|Any CPU.Build.0 = Debug|Any CPU
		{D824AE1E-C678-D8D4-C829-BDB6154D10BB}.Release|Any CPU.ActiveCfg = Release|Any CPU
		{D824AE1E-C678-D8D4-C829-BDB6154D10BB}.Release|Any CPU.Build.0 = Release|Any CPU
		{18723AC2-C67D-9A96-21CD-240AE58CE448}.Debug|Any CPU.ActiveCfg = Debug|Any CPU
		{18723AC2-C67D-9A96-21CD-240AE58CE448}.Debug|Any CPU.Build.0 = Debug|Any CPU
		{18723AC2-C67D-9A96-21CD-240AE58CE448}.Release|Any CPU.ActiveCfg = Release|Any CPU
		{18723AC2-C67D-9A96-21CD-240AE58CE448}.Release|Any CPU.Build.0 = Release|Any CPU
	EndGlobalSection
	GlobalSection(SolutionProperties) = preSolution
		HideSolutionNode = FALSE
	EndGlobalSection
	GlobalSection(NestedProjects) = preSolution
		{336263FC-64AB-5F71-7ADB-B248455D17AF} = {0AB3BF05-4346-4AA6-1389-037BE0695223}
		{82DCF71A-B500-B6C3-F890-B187BC29E616} = {827E0CD3-B72D-47B6-A68D-7590B98EB39B}
		{45459EA0-77B2-9D79-A298-2EBD33291667} = {827E0CD3-B72D-47B6-A68D-7590B98EB39B}
		{D824AE1E-C678-D8D4-C829-BDB6154D10BB} = {827E0CD3-B72D-47B6-A68D-7590B98EB39B}
		{18723AC2-C67D-9A96-21CD-240AE58CE448} = {827E0CD3-B72D-47B6-A68D-7590B98EB39B}
	EndGlobalSection
	GlobalSection(ExtensibilityGlobals) = postSolution
		SolutionGuid = {6291D22D-5458-4A0C-9DF2-56ACA27BE81A}
	EndGlobalSection
EndGlobal
